
Microsoft Visual Studio Solution File, Format Version 12.00
# Visual Studio 15
Project("{8BC9CEB8-8B4A-11D0-8D11-00A0C91BC942}") = "EquationNinja", "EquationNinja\EquationNinja.vcxproj", "{9B2F9FFE-07F0-1A35-D02A-64B23CAA5F11}"
EndProject
Project("{8BC9CEB8-8B4A-11D0-8D11-00A0C91BC942}") = "Sandbox", "Sandbox\Sandbox.vcxproj", "{F4C124E3-60A1-A37E-69B9-2E55D5170AE0}"
EndProject
Project("{8BC9CEB8-8B4A-11D0-8D11-00A0C91BC942}") = "pugixml", "EquationNinja\vendor\pugiXML\pugixml.vcxproj", "{0B40A9C9-771F-2865-8037-B33BEC958EC6}"
EndProject
Global
	GlobalSection(SolutionConfigurationPlatforms) = preSolution
		Debug|Win32 = Debug|Win32
		Release|Win32 = Release|Win32
	EndGlobalSection
	GlobalSection(ProjectConfigurationPlatforms) = postSolution
		{9B2F9FFE-07F0-1A35-D02A-64B23CAA5F11}.Debug|Win32.ActiveCfg = Debug|Win32
		{9B2F9FFE-07F0-1A35-D02A-64B23CAA5F11}.Debug|Win32.Build.0 = Debug|Win32
		{9B2F9FFE-07F0-1A35-D02A-64B23CAA5F11}.Release|Win32.ActiveCfg = Release|Win32
		{9B2F9FFE-07F0-1A35-D02A-64B23CAA5F11}.Release|Win32.Build.0 = Release|Win32
		{F4C124E3-60A1-A37E-69B9-2E55D5170AE0}.Debug|Win32.ActiveCfg = Debug|Win32
		{F4C124E3-60A1-A37E-69B9-2E55D5170AE0}.Debug|Win32.Build.0 = Debug|Win32
		{F4C124E3-60A1-A37E-69B9-2E55D5170AE0}.Release|Win32.ActiveCfg = Release|Win32
		{F4C124E3-60A1-A37E-69B9-2E55D5170AE0}.Release|Win32.Build.0 = Release|Win32
		{0B40A9C9-771F-2865-8037-B33BEC958EC6}.Debug|Win32.ActiveCfg = Debug|Win32
		{0B40A9C9-771F-2865-8037-B33BEC958EC6}.Debug|Win32.Build.0 = Debug|Win32
		{0B40A9C9-771F-2865-8037-B33BEC958EC6}.Release|Win32.ActiveCfg = Release|Win32
		{0B40A9C9-771F-2865-8037-B33BEC958EC6}.Release|Win32.Build.0 = Release|Win32
	EndGlobalSection
	GlobalSection(SolutionProperties) = preSolution
		HideSolutionNode = FALSE
	EndGlobalSection
EndGlobal
